
Microsoft Visual Studio Solution File, Format Version 12.00
# Visual Studio Version 17
VisualStudioVersion = 17.7.34031.279
MinimumVisualStudioVersion = 10.0.40219.1
Project("{FAE04EC0-301F-11D3-BF4B-00C04F79EFBC}") = "RichDomainModeling.API", "ModelingRichDomain.API\RichDomainModeling.API.csproj", "{B90B1DAC-379E-43DB-AC85-9E0C25ACA0EB}"
EndProject
Project("{FAE04EC0-301F-11D3-BF4B-00C04F79EFBC}") = "RichDomainModeling.Domain", "ModelingRichDomain.Domain\RichDomainModeling.Domain.csproj", "{AB012E80-988D-4749-9BCF-1E8F7C52A29B}"
EndProject
Project("{FAE04EC0-301F-11D3-BF4B-00C04F79EFBC}") = "RichDomainModeling.Shared", "RichDomainModeling.Shared\RichDomainModeling.Shared.csproj", "{81A80ADD-EFD2-4609-9562-A566860492CC}"
EndProject
Project("{FAE04EC0-301F-11D3-BF4B-00C04F79EFBC}") = "RichDomainModeling.Tests", "RichDomainModeling.Tests\RichDomainModeling.Tests.csproj", "{A687D6EC-FB79-486A-90E5-6B868ADF5A99}"
EndProject
Global
	GlobalSection(SolutionConfigurationPlatforms) = preSolution
		Debug|Any CPU = Debug|Any CPU
		Release|Any CPU = Release|Any CPU
	EndGlobalSection
	GlobalSection(ProjectConfigurationPlatforms) = postSolution
		{B90B1DAC-379E-43DB-AC85-9E0C25ACA0EB}.Debug|Any CPU.ActiveCfg = Debug|Any CPU
		{B90B1DAC-379E-43DB-AC85-9E0C25ACA0EB}.Debug|Any CPU.Build.0 = Debug|Any CPU
		{B90B1DAC-379E-43DB-AC85-9E0C25ACA0EB}.Release|Any CPU.ActiveCfg = Release|Any CPU
		{B90B1DAC-379E-43DB-AC85-9E0C25ACA0EB}.Release|Any CPU.Build.0 = Release|Any CPU
		{AB012E80-988D-4749-9BCF-1E8F7C52A29B}.Debug|Any CPU.ActiveCfg = Debug|Any CPU
		{AB012E80-988D-4749-9BCF-1E8F7C52A29B}.Debug|Any CPU.Build.0 = Debug|Any CPU
		{AB012E80-988D-4749-9BCF-1E8F7C52A29B}.Release|Any CPU.ActiveCfg = Release|Any CPU
		{AB012E80-988D-4749-9BCF-1E8F7C52A29B}.Release|Any CPU.Build.0 = Release|Any CPU
		{81A80ADD-EFD2-4609-9562-A566860492CC}.Debug|Any CPU.ActiveCfg = Debug|Any CPU
		{81A80ADD-EFD2-4609-9562-A566860492CC}.Debug|Any CPU.Build.0 = Debug|Any CPU
		{81A80ADD-EFD2-4609-9562-A566860492CC}.Release|Any CPU.ActiveCfg = Release|Any CPU
		{81A80ADD-EFD2-4609-9562-A566860492CC}.Release|Any CPU.Build.0 = Release|Any CPU
		{A687D6EC-FB79-486A-90E5-6B868ADF5A99}.Debug|Any CPU.ActiveCfg = Debug|Any CPU
		{A687D6EC-FB79-486A-90E5-6B868ADF5A99}.Debug|Any CPU.Build.0 = Debug|Any CPU
		{A687D6EC-FB79-486A-90E5-6B868ADF5A99}.Release|Any CPU.ActiveCfg = Release|Any CPU
		{A687D6EC-FB79-486A-90E5-6B868ADF5A99}.Release|Any CPU.Build.0 = Release|Any CPU
	EndGlobalSection
	GlobalSection(SolutionProperties) = preSolution
		HideSolutionNode = FALSE
	EndGlobalSection
	GlobalSection(ExtensibilityGlobals) = postSolution
		SolutionGuid = {FA4424B9-E460-4EF2-8148-7AEE6E704CE4}
	EndGlobalSection
EndGlobal
